<?xml version="1.0" encoding="utf-8"?>
<Project ToolsVersion="4.0" xmlns="http://schemas.microsoft.com/developer/msbuild/2003">
  <ItemGroup>
    <Filter Include="Source Files">
      <UniqueIdentifier>{4FC737F1-C7A5-4376-A066-2A32D752A2FF}</UniqueIdentifier>
      <Extensions>cpp;c;cc;cxx;def;odl;idl;hpj;bat;asm;asmx</Extensions>
    </Filter>
    <Filter Include="Header Files">
      <UniqueIdentifier>{93995380-89BD-4b04-88EB-625FBE52EBFB}</UniqueIdentifier>
      <Extensions>h;hh;hpp;hxx;hm;inl;inc;xsd</Extensions>
    </Filter>
    <Filter Include="Resource Files">
      <UniqueIdentifier>{67DA6AB6-F800-4c08-8B7A-83BB121AAD01}</UniqueIdentifier>
      <Extensions>rc;ico;cur;bmp;dlg;rc2;rct;bin;rgs;gif;jpg;jpeg;jpe;resx;tiff;tif;png;wav;mfcribbon-ms</Extensions>
    </Filter>
    <Filter Include="Resource Files\Post Processing">
      <UniqueIdentifier>{61f00d3d-9b1d-4dfa-be68-7720c4542671}</UniqueIdentifier>
    </Filter>
    <Filter Include="Source Files\Shaders">
      <UniqueIdentifier>{7f5968aa-dabc-4b74-aab5-887a341dc0e2}</UniqueIdentifier>
    </Filter>
    <Filter Include="Source Files\Geometry">
      <UniqueIdentifier>{a122f05b-7689-44fc-873f-f28b25f4ff9d}</UniqueIdentifier>
    </Filter>
    <Filter Include="Header Files\Geometry">
      <UniqueIdentifier>{6a236499-f8e8-490b-b921-af34a1e17705}</UniqueIdentifier>
    </Filter>
    <Filter Include="Header Files\Shaders">
      <UniqueIdentifier>{ce430731-d506-4342-9b56-14a7b2d9e2dc}</UniqueIdentifier>
    </Filter>
  </ItemGroup>
  <ItemGroup>
    <ClCompile Include="App1.cpp">
      <Filter>Source Files</Filter>
    </ClCompile>
    <ClCompile Include="Main.cpp">
      <Filter>Source Files</Filter>
    </ClCompile>
    <ClCompile Include="DepthShader.cpp">
      <Filter>Source Files\Shaders</Filter>
    </ClCompile>
    <ClCompile Include="ColourShader.cpp">
      <Filter>Source Files\Shaders</Filter>
    </ClCompile>
    <ClCompile Include="BlurShader.cpp">
      <Filter>Source Files\Shaders</Filter>
    </ClCompile>
    <ClCompile Include="ObjectShader.cpp">
      <Filter>Source Files\Shaders</Filter>
    </ClCompile>
    <ClCompile Include="DepthOfField.cpp">
      <Filter>Source Files\Shaders</Filter>
    </ClCompile>
    <ClCompile Include="DisplacementShader.cpp">
      <Filter>Source Files\Shaders</Filter>
    </ClCompile>
    <ClCompile Include="MyTesselationPlane.cpp">
      <Filter>Source Files\Geometry</Filter>
    </ClCompile>
    <ClCompile Include="SkyboxMesh.cpp">
      <Filter>Source Files\Geometry</Filter>
    </ClCompile>
    <ClCompile Include="SkyboxShader.cpp">
      <Filter>Source Files\Shaders</Filter>
    </ClCompile>
    <ClCompile Include="MyBaseMesh.cpp">
      <Filter>Source Files\Geometry</Filter>
    </ClCompile>
    <ClCompile Include="MyModelMesh.cpp">
      <Filter>Source Files\Geometry</Filter>
    </ClCompile>
    <ClCompile Include="DepthTesselationShader.cpp">
      <Filter>Source Files\Shaders</Filter>
    </ClCompile>
    <ClCompile Include="MyBaseShader.cpp">
      <Filter>Source Files\Shaders</Filter>
    </ClCompile>
    <ClCompile Include="GeometryShader.cpp">
      <Filter>Source Files\Shaders</Filter>
    </ClCompile>
    <ClCompile Include="RenderObject.cpp">
      <Filter>Source Files</Filter>
    </ClCompile>
    <ClCompile Include="RenderTextureCubemap.cpp">
      <Filter>Source Files</Filter>
    </ClCompile>
  </ItemGroup>
  <ItemGroup>
    <ClInclude Include="App1.h">
      <Filter>Header Files</Filter>
    </ClInclude>
    <ClInclude Include="ColourShader.h">
      <Filter>Header Files\Shaders</Filter>
    </ClInclude>
    <ClInclude Include="DepthOfField.h">
      <Filter>Header Files\Shaders</Filter>
    </ClInclude>
    <ClInclude Include="DepthShader.h">
      <Filter>Header Files\Shaders</Filter>
    </ClInclude>
    <ClInclude Include="DisplacementShader.h">
      <Filter>Header Files\Shaders</Filter>
    </ClInclude>
    <ClInclude Include="ObjectShader.h">
      <Filter>Header Files\Shaders</Filter>
    </ClInclude>
    <ClInclude Include="MyTesselationPlane.h">
      <Filter>Header Files\Geometry</Filter>
    </ClInclude>
    <ClInclude Include="SkyboxMesh.h">
      <Filter>Header Files\Geometry</Filter>
    </ClInclude>
    <ClInclude Include="BlurShader.h">
      <Filter>Header Files\Shaders</Filter>
    </ClInclude>
    <ClInclude Include="SkyboxShader.h">
      <Filter>Header Files\Shaders</Filter>
    </ClInclude>
    <ClInclude Include="MyBaseMesh.h">
      <Filter>Header Files</Filter>
    </ClInclude>
    <ClInclude Include="MyModelMesh.h">
      <Filter>Header Files</Filter>
    </ClInclude>
    <ClInclude Include="RenderObject.h">
      <Filter>Header Files</Filter>
    </ClInclude>
    <ClInclude Include="GeometryShader.h">
      <Filter>Header Files\Shaders</Filter>
    </ClInclude>
    <ClInclude Include="MyBaseShader.h">
      <Filter>Header Files\Shaders</Filter>
    </ClInclude>
    <ClInclude Include="DepthTesselationShader.h">
      <Filter>Header Files\Shaders</Filter>
    </ClInclude>
    <ClInclude Include="RenderTextureCubemap.h">
      <Filter>Header Files</Filter>
    </ClInclude>
  </ItemGroup>
  <ItemGroup>
    <FxCompile Include="shaders\skybox_ps.hlsl">
      <Filter>Resource Files</Filter>
    </FxCompile>
    <FxCompile Include="shaders\skybox_vs.hlsl">
      <Filter>Resource Files</Filter>
    </FxCompile>
    <FxCompile Include="shaders\object_ps.hlsl">
      <Filter>Resource Files</Filter>
    </FxCompile>
    <FxCompile Include="shaders\object_vs.hlsl">
      <Filter>Resource Files</Filter>
    </FxCompile>
    <FxCompile Include="shaders\blur_ps.hlsl">
      <Filter>Resource Files\Post Processing</Filter>
    </FxCompile>
    <FxCompile Include="shaders\blur_vs.hlsl">
      <Filter>Resource Files\Post Processing</Filter>
    </FxCompile>
    <FxCompile Include="shaders\depth_ps.hlsl">
      <Filter>Resource Files\Post Processing</Filter>
    </FxCompile>
    <FxCompile Include="shaders\depth_vs.hlsl">
      <Filter>Resource Files\Post Processing</Filter>
    </FxCompile>
    <FxCompile Include="shaders\DOF_ps.hlsl">
      <Filter>Resource Files\Post Processing</Filter>
    </FxCompile>
    <FxCompile Include="shaders\colour_ps.hlsl">
      <Filter>Resource Files</Filter>
    </FxCompile>
    <FxCompile Include="shaders\colour_vs.hlsl">
      <Filter>Resource Files</Filter>
    </FxCompile>
    <FxCompile Include="shaders\DOF_vs.hlsl">
      <Filter>Resource Files\Post Processing</Filter>
    </FxCompile>
    <FxCompile Include="shaders\displacement_ds.hlsl">
      <Filter>Resource Files</Filter>
    </FxCompile>
    <FxCompile Include="shaders\displacement_hs.hlsl">
      <Filter>Resource Files</Filter>
    </FxCompile>
    <FxCompile Include="shaders\displacement_vs.hlsl">
      <Filter>Resource Files</Filter>
    </FxCompile>
    <FxCompile Include="shaders\depthTessellation_ps.hlsl">
      <Filter>Resource Files\Post Processing</Filter>
    </FxCompile>
    <FxCompile Include="shaders\depthTessellation_ds.hlsl">
      <Filter>Resource Files\Post Processing</Filter>
    </FxCompile>
    <FxCompile Include="shaders\geometry_gs.hlsl">
      <Filter>Resource Files</Filter>
    </FxCompile>
    <FxCompile Include="shaders\geometry_ps.hlsl">
      <Filter>Resource Files</Filter>
    </FxCompile>
    <FxCompile Include="shaders\geometry_vs.hlsl">
      <Filter>Resource Files</Filter>
    </FxCompile>
  </ItemGroup>
</Project>